
Microsoft Visual Studio Solution File, Format Version 12.00
# Visual Studio 2013
VisualStudioVersion = 12.0.40629.0
MinimumVisualStudioVersion = 10.0.40219.1
Project("{8BC9CEB8-8B4A-11D0-8D11-00A0C91BC942}") = "c_prog", "c_prog\c_prog.vcxproj", "{D3F030AB-26AA-4864-A32E-6F736D1EB28C}"
EndProject
Global
	GlobalSection(SolutionConfigurationPlatforms) = preSolution
		Debug|Win32 = Debug|Win32
		Release|Win32 = Release|Win32
	EndGlobalSection
	GlobalSection(ProjectConfigurationPlatforms) = postSolution
		{D3F030AB-26AA-4864-A32E-6F736D1EB28C}.Debug|Win32.ActiveCfg = Debug|Win32
		{D3F030AB-26AA-4864-A32E-6F736D1EB28C}.Debug|Win32.Build.0 = Debug|Win32
		{D3F030AB-26AA-4864-A32E-6F736D1EB28C}.Release|Win32.ActiveCfg = Release|Win32
		{D3F030AB-26AA-4864-A32E-6F736D1EB28C}.Release|Win32.Build.0 = Release|Win32
	EndGlobalSection
	GlobalSection(SolutionProperties) = preSolution
		HideSolutionNode = FALSE
	EndGlobalSection
EndGlobal
